
Microsoft Visual Studio Solution File, Format Version 12.00
# Visual Studio Version 16
VisualStudioVersion = 16.0.31025.194
MinimumVisualStudioVersion = 10.0.40219.1
Project("{FAE04EC0-301F-11D3-BF4B-00C04F79EFBC}") = "MKMTest", "DatagridBDD test\MKMTest.csproj", "{1E5A82DC-AB0D-4535-B48A-83A6C8029166}"
EndProject
Global
	GlobalSection(SolutionConfigurationPlatforms) = preSolution
		Debug|Any CPU = Debug|Any CPU
		Release|Any CPU = Release|Any CPU
	EndGlobalSection
	GlobalSection(ProjectConfigurationPlatforms) = postSolution
		{1E5A82DC-AB0D-4535-B48A-83A6C8029166}.Debug|Any CPU.ActiveCfg = Debug|Any CPU
		{1E5A82DC-AB0D-4535-B48A-83A6C8029166}.Debug|Any CPU.Build.0 = Debug|Any CPU
		{1E5A82DC-AB0D-4535-B48A-83A6C8029166}.Release|Any CPU.ActiveCfg = Release|Any CPU
		{1E5A82DC-AB0D-4535-B48A-83A6C8029166}.Release|Any CPU.Build.0 = Release|Any CPU
	EndGlobalSection
	GlobalSection(SolutionProperties) = preSolution
		HideSolutionNode = FALSE
	EndGlobalSection
	GlobalSection(ExtensibilityGlobals) = postSolution
		SolutionGuid = {B014E0FC-A232-43A0-B93D-3C187F67336E}
	EndGlobalSection
EndGlobal
